
Microsoft Visual Studio Solution File, Format Version 12.00
# Visual Studio Version 17
VisualStudioVersion = 17.3.32922.545
MinimumVisualStudioVersion = 10.0.40219.1
Project("{FAE04EC0-301F-11D3-BF4B-00C04F79EFBC}") = "MooreOOP", "MooreOOP.csproj", "{A56EB24E-DC3F-4F49-9993-A9B77F35DA82}"
EndProject
Global
	GlobalSection(SolutionConfigurationPlatforms) = preSolution
		Debug|Any CPU = Debug|Any CPU
		Release|Any CPU = Release|Any CPU
	EndGlobalSection
	GlobalSection(ProjectConfigurationPlatforms) = postSolution
		{A56EB24E-DC3F-4F49-9993-A9B77F35DA82}.Debug|Any CPU.ActiveCfg = Debug|Any CPU
		{A56EB24E-DC3F-4F49-9993-A9B77F35DA82}.Debug|Any CPU.Build.0 = Debug|Any CPU
		{A56EB24E-DC3F-4F49-9993-A9B77F35DA82}.Release|Any CPU.ActiveCfg = Release|Any CPU
		{A56EB24E-DC3F-4F49-9993-A9B77F35DA82}.Release|Any CPU.Build.0 = Release|Any CPU
	EndGlobalSection
	GlobalSection(SolutionProperties) = preSolution
		HideSolutionNode = FALSE
	EndGlobalSection
	GlobalSection(ExtensibilityGlobals) = postSolution
		SolutionGuid = {404DDA73-CC78-47BC-A769-427408A29B2B}
	EndGlobalSection
EndGlobal
