
Microsoft Visual Studio Solution File, Format Version 12.00
# Visual Studio Version 17
VisualStudioVersion = 17.3.32922.545
MinimumVisualStudioVersion = 10.0.40219.1
Project("{FAE04EC0-301F-11D3-BF4B-00C04F79EFBC}") = "methods", "methods.csproj", "{9030AA06-BE01-47B8-A7AC-326C7E29A82F}"
EndProject
Global
	GlobalSection(SolutionConfigurationPlatforms) = preSolution
		Debug|Any CPU = Debug|Any CPU
		Release|Any CPU = Release|Any CPU
	EndGlobalSection
	GlobalSection(ProjectConfigurationPlatforms) = postSolution
		{9030AA06-BE01-47B8-A7AC-326C7E29A82F}.Debug|Any CPU.ActiveCfg = Debug|Any CPU
		{9030AA06-BE01-47B8-A7AC-326C7E29A82F}.Debug|Any CPU.Build.0 = Debug|Any CPU
		{9030AA06-BE01-47B8-A7AC-326C7E29A82F}.Release|Any CPU.ActiveCfg = Release|Any CPU
		{9030AA06-BE01-47B8-A7AC-326C7E29A82F}.Release|Any CPU.Build.0 = Release|Any CPU
	EndGlobalSection
	GlobalSection(SolutionProperties) = preSolution
		HideSolutionNode = FALSE
	EndGlobalSection
	GlobalSection(ExtensibilityGlobals) = postSolution
		SolutionGuid = {86409492-EE3D-4F76-A255-D65CCE9AFB1F}
	EndGlobalSection
EndGlobal
