
Microsoft Visual Studio Solution File, Format Version 12.00
# Visual Studio Version 17
VisualStudioVersion = 17.3.32922.545
MinimumVisualStudioVersion = 10.0.40219.1
Project("{FAE04EC0-301F-11D3-BF4B-00C04F79EFBC}") = "problems and stuff", "problems and stuff.csproj", "{385192D2-4C6F-4EB0-8874-3B5E265DB2B8}"
EndProject
Global
	GlobalSection(SolutionConfigurationPlatforms) = preSolution
		Debug|Any CPU = Debug|Any CPU
		Release|Any CPU = Release|Any CPU
	EndGlobalSection
	GlobalSection(ProjectConfigurationPlatforms) = postSolution
		{385192D2-4C6F-4EB0-8874-3B5E265DB2B8}.Debug|Any CPU.ActiveCfg = Debug|Any CPU
		{385192D2-4C6F-4EB0-8874-3B5E265DB2B8}.Debug|Any CPU.Build.0 = Debug|Any CPU
		{385192D2-4C6F-4EB0-8874-3B5E265DB2B8}.Release|Any CPU.ActiveCfg = Release|Any CPU
		{385192D2-4C6F-4EB0-8874-3B5E265DB2B8}.Release|Any CPU.Build.0 = Release|Any CPU
	EndGlobalSection
	GlobalSection(SolutionProperties) = preSolution
		HideSolutionNode = FALSE
	EndGlobalSection
	GlobalSection(ExtensibilityGlobals) = postSolution
		SolutionGuid = {4FE8D14A-76AD-4017-8F74-04496D88AEA4}
	EndGlobalSection
EndGlobal
