
Microsoft Visual Studio Solution File, Format Version 12.00
# Visual Studio Version 17
VisualStudioVersion = 17.3.32922.545
MinimumVisualStudioVersion = 10.0.40219.1
Project("{FAE04EC0-301F-11D3-BF4B-00C04F79EFBC}") = "WinFormsApp1", "WinFormsApp1.csproj", "{B2D79AA5-BA8A-4C8D-A806-1322ED701B7D}"
EndProject
Global
	GlobalSection(SolutionConfigurationPlatforms) = preSolution
		Debug|Any CPU = Debug|Any CPU
		Release|Any CPU = Release|Any CPU
	EndGlobalSection
	GlobalSection(ProjectConfigurationPlatforms) = postSolution
		{B2D79AA5-BA8A-4C8D-A806-1322ED701B7D}.Debug|Any CPU.ActiveCfg = Debug|Any CPU
		{B2D79AA5-BA8A-4C8D-A806-1322ED701B7D}.Debug|Any CPU.Build.0 = Debug|Any CPU
		{B2D79AA5-BA8A-4C8D-A806-1322ED701B7D}.Release|Any CPU.ActiveCfg = Release|Any CPU
		{B2D79AA5-BA8A-4C8D-A806-1322ED701B7D}.Release|Any CPU.Build.0 = Release|Any CPU
	EndGlobalSection
	GlobalSection(SolutionProperties) = preSolution
		HideSolutionNode = FALSE
	EndGlobalSection
	GlobalSection(ExtensibilityGlobals) = postSolution
		SolutionGuid = {46245920-0C2F-42E2-BD0F-2884A3F4A6C3}
	EndGlobalSection
EndGlobal
