
Microsoft Visual Studio Solution File, Format Version 12.00
# Visual Studio Version 17
VisualStudioVersion = 17.3.32922.545
MinimumVisualStudioVersion = 10.0.40219.1
Project("{FAE04EC0-301F-11D3-BF4B-00C04F79EFBC}") = "problems", "problems.csproj", "{94F16399-240B-4BB5-9EB2-4E6A1B3DEE5F}"
EndProject
Global
	GlobalSection(SolutionConfigurationPlatforms) = preSolution
		Debug|Any CPU = Debug|Any CPU
		Release|Any CPU = Release|Any CPU
	EndGlobalSection
	GlobalSection(ProjectConfigurationPlatforms) = postSolution
		{94F16399-240B-4BB5-9EB2-4E6A1B3DEE5F}.Debug|Any CPU.ActiveCfg = Debug|Any CPU
		{94F16399-240B-4BB5-9EB2-4E6A1B3DEE5F}.Debug|Any CPU.Build.0 = Debug|Any CPU
		{94F16399-240B-4BB5-9EB2-4E6A1B3DEE5F}.Release|Any CPU.ActiveCfg = Release|Any CPU
		{94F16399-240B-4BB5-9EB2-4E6A1B3DEE5F}.Release|Any CPU.Build.0 = Release|Any CPU
	EndGlobalSection
	GlobalSection(SolutionProperties) = preSolution
		HideSolutionNode = FALSE
	EndGlobalSection
	GlobalSection(ExtensibilityGlobals) = postSolution
		SolutionGuid = {27D4B6C2-5544-4281-890C-763C9ED85530}
	EndGlobalSection
EndGlobal
