
Microsoft Visual Studio Solution File, Format Version 12.00
# Visual Studio Version 17
VisualStudioVersion = 17.3.32922.545
MinimumVisualStudioVersion = 10.0.40219.1
Project("{FAE04EC0-301F-11D3-BF4B-00C04F79EFBC}") = "gui oop", "gui oop.csproj", "{90316671-A2A8-4FF3-8D9C-5641124CC954}"
EndProject
Global
	GlobalSection(SolutionConfigurationPlatforms) = preSolution
		Debug|Any CPU = Debug|Any CPU
		Release|Any CPU = Release|Any CPU
	EndGlobalSection
	GlobalSection(ProjectConfigurationPlatforms) = postSolution
		{90316671-A2A8-4FF3-8D9C-5641124CC954}.Debug|Any CPU.ActiveCfg = Debug|Any CPU
		{90316671-A2A8-4FF3-8D9C-5641124CC954}.Debug|Any CPU.Build.0 = Debug|Any CPU
		{90316671-A2A8-4FF3-8D9C-5641124CC954}.Release|Any CPU.ActiveCfg = Release|Any CPU
		{90316671-A2A8-4FF3-8D9C-5641124CC954}.Release|Any CPU.Build.0 = Release|Any CPU
	EndGlobalSection
	GlobalSection(SolutionProperties) = preSolution
		HideSolutionNode = FALSE
	EndGlobalSection
	GlobalSection(ExtensibilityGlobals) = postSolution
		SolutionGuid = {A234B820-32F3-4E13-9C87-7591259273B9}
	EndGlobalSection
EndGlobal
