
Microsoft Visual Studio Solution File, Format Version 12.00
# Visual Studio Version 17
VisualStudioVersion = 17.3.32922.545
MinimumVisualStudioVersion = 10.0.40219.1
Project("{FAE04EC0-301F-11D3-BF4B-00C04F79EFBC}") = "task5", "task5.csproj", "{BE2ED7EA-53FA-4541-8006-396D4C738383}"
EndProject
Global
	GlobalSection(SolutionConfigurationPlatforms) = preSolution
		Debug|Any CPU = Debug|Any CPU
		Release|Any CPU = Release|Any CPU
	EndGlobalSection
	GlobalSection(ProjectConfigurationPlatforms) = postSolution
		{BE2ED7EA-53FA-4541-8006-396D4C738383}.Debug|Any CPU.ActiveCfg = Debug|Any CPU
		{BE2ED7EA-53FA-4541-8006-396D4C738383}.Debug|Any CPU.Build.0 = Debug|Any CPU
		{BE2ED7EA-53FA-4541-8006-396D4C738383}.Release|Any CPU.ActiveCfg = Release|Any CPU
		{BE2ED7EA-53FA-4541-8006-396D4C738383}.Release|Any CPU.Build.0 = Release|Any CPU
	EndGlobalSection
	GlobalSection(SolutionProperties) = preSolution
		HideSolutionNode = FALSE
	EndGlobalSection
	GlobalSection(ExtensibilityGlobals) = postSolution
		SolutionGuid = {2D1C963E-38F9-43F5-9A94-CE0EE7B54CE8}
	EndGlobalSection
EndGlobal
