
Microsoft Visual Studio Solution File, Format Version 12.00
# Visual Studio Version 17
VisualStudioVersion = 17.3.32922.545
MinimumVisualStudioVersion = 10.0.40219.1
Project("{FAE04EC0-301F-11D3-BF4B-00C04F79EFBC}") = "task8", "task8.csproj", "{01CF3C81-8CD2-4D08-B109-DCABC90EF5D0}"
EndProject
Global
	GlobalSection(SolutionConfigurationPlatforms) = preSolution
		Debug|Any CPU = Debug|Any CPU
		Release|Any CPU = Release|Any CPU
	EndGlobalSection
	GlobalSection(ProjectConfigurationPlatforms) = postSolution
		{01CF3C81-8CD2-4D08-B109-DCABC90EF5D0}.Debug|Any CPU.ActiveCfg = Debug|Any CPU
		{01CF3C81-8CD2-4D08-B109-DCABC90EF5D0}.Debug|Any CPU.Build.0 = Debug|Any CPU
		{01CF3C81-8CD2-4D08-B109-DCABC90EF5D0}.Release|Any CPU.ActiveCfg = Release|Any CPU
		{01CF3C81-8CD2-4D08-B109-DCABC90EF5D0}.Release|Any CPU.Build.0 = Release|Any CPU
	EndGlobalSection
	GlobalSection(SolutionProperties) = preSolution
		HideSolutionNode = FALSE
	EndGlobalSection
	GlobalSection(ExtensibilityGlobals) = postSolution
		SolutionGuid = {DAB9C6A7-675B-4D4D-99AF-34DF0BF51C96}
	EndGlobalSection
EndGlobal
